
Microsoft Visual Studio Solution File, Format Version 12.00
# Visual Studio 2013
VisualStudioVersion = 12.0.21005.1
MinimumVisualStudioVersion = 10.0.40219.1
Project("{FAE04EC0-301F-11D3-BF4B-00C04F79EFBC}") = "WebBlogMvc5", "WebBlogMvc5\WebBlogMvc5.csproj", "{AA98B84B-B313-4747-9119-5F599164D419}"
EndProject
Project("{FAE04EC0-301F-11D3-BF4B-00C04F79EFBC}") = "Bdd", "Bdd\Bdd.csproj", "{0E6977A6-FCAA-4154-8423-EE88309485E1}"
EndProject
Global
	GlobalSection(SolutionConfigurationPlatforms) = preSolution
		Debug|Any CPU = Debug|Any CPU
		Release|Any CPU = Release|Any CPU
	EndGlobalSection
	GlobalSection(ProjectConfigurationPlatforms) = postSolution
		{AA98B84B-B313-4747-9119-5F599164D419}.Debug|Any CPU.ActiveCfg = Debug|Any CPU
		{AA98B84B-B313-4747-9119-5F599164D419}.Debug|Any CPU.Build.0 = Debug|Any CPU
		{AA98B84B-B313-4747-9119-5F599164D419}.Release|Any CPU.ActiveCfg = Release|Any CPU
		{AA98B84B-B313-4747-9119-5F599164D419}.Release|Any CPU.Build.0 = Release|Any CPU
		{0E6977A6-FCAA-4154-8423-EE88309485E1}.Debug|Any CPU.ActiveCfg = Debug|Any CPU
		{0E6977A6-FCAA-4154-8423-EE88309485E1}.Debug|Any CPU.Build.0 = Debug|Any CPU
		{0E6977A6-FCAA-4154-8423-EE88309485E1}.Release|Any CPU.ActiveCfg = Release|Any CPU
		{0E6977A6-FCAA-4154-8423-EE88309485E1}.Release|Any CPU.Build.0 = Release|Any CPU
	EndGlobalSection
	GlobalSection(SolutionProperties) = preSolution
		HideSolutionNode = FALSE
	EndGlobalSection
EndGlobal
